
Microsoft Visual Studio Solution File, Format Version 12.00
# Visual Studio Version 17
VisualStudioVersion = 17.6.33815.320
MinimumVisualStudioVersion = 10.0.40219.1
Project("{2150E333-8FDC-42A3-9474-1A3956D46DE8}") = "src", "src", "{179A3A24-ED05-4826-BDB5-0E05A56243B2}"
EndProject
Project("{2150E333-8FDC-42A3-9474-1A3956D46DE8}") = "Libraries", "Libraries", "{BBD6809C-4982-4E15-A6FE-26BFFD5ED7E0}"
EndProject
Project("{9A19103F-16F7-4668-BE54-9A1E7A4F7556}") = "CardManagement_2TDSPH.Core", "src\Libraries\CardManagement_2TDSPH.Core\CardManagement_2TDSPH.Core.csproj", "{E2BA520A-7FA0-4A58-BCAF-743987E649D6}"
EndProject
Project("{9A19103F-16F7-4668-BE54-9A1E7A4F7556}") = "CardManagement_2TDSPH.Data", "src\Libraries\CardManagement_2TDSPH.Data\CardManagement_2TDSPH.Data.csproj", "{95575EB5-801B-4683-B83A-A531CA464AE7}"
EndProject
Project("{2150E333-8FDC-42A3-9474-1A3956D46DE8}") = "Presentation", "Presentation", "{FB421EFF-22DA-4082-AADB-82C9F67D95E0}"
EndProject
Project("{9A19103F-16F7-4668-BE54-9A1E7A4F7556}") = "CardManagement_2TDSPH.Api", "src\CardManagement_2TDSPH.Api\CardManagement_2TDSPH.Api.csproj", "{4DEB23CD-4749-4F3D-A7B2-B2284DFC19D1}"
EndProject
Project("{2150E333-8FDC-42A3-9474-1A3956D46DE8}") = "Tests", "Tests", "{D554A329-B126-4FB9-A137-937B6419B490}"
EndProject
Global
	GlobalSection(SolutionConfigurationPlatforms) = preSolution
		Debug|Any CPU = Debug|Any CPU
		Release|Any CPU = Release|Any CPU
	EndGlobalSection
	GlobalSection(ProjectConfigurationPlatforms) = postSolution
		{E2BA520A-7FA0-4A58-BCAF-743987E649D6}.Debug|Any CPU.ActiveCfg = Debug|Any CPU
		{E2BA520A-7FA0-4A58-BCAF-743987E649D6}.Debug|Any CPU.Build.0 = Debug|Any CPU
		{E2BA520A-7FA0-4A58-BCAF-743987E649D6}.Release|Any CPU.ActiveCfg = Release|Any CPU
		{E2BA520A-7FA0-4A58-BCAF-743987E649D6}.Release|Any CPU.Build.0 = Release|Any CPU
		{95575EB5-801B-4683-B83A-A531CA464AE7}.Debug|Any CPU.ActiveCfg = Debug|Any CPU
		{95575EB5-801B-4683-B83A-A531CA464AE7}.Debug|Any CPU.Build.0 = Debug|Any CPU
		{95575EB5-801B-4683-B83A-A531CA464AE7}.Release|Any CPU.ActiveCfg = Release|Any CPU
		{95575EB5-801B-4683-B83A-A531CA464AE7}.Release|Any CPU.Build.0 = Release|Any CPU
		{4DEB23CD-4749-4F3D-A7B2-B2284DFC19D1}.Debug|Any CPU.ActiveCfg = Debug|Any CPU
		{4DEB23CD-4749-4F3D-A7B2-B2284DFC19D1}.Debug|Any CPU.Build.0 = Debug|Any CPU
		{4DEB23CD-4749-4F3D-A7B2-B2284DFC19D1}.Release|Any CPU.ActiveCfg = Release|Any CPU
		{4DEB23CD-4749-4F3D-A7B2-B2284DFC19D1}.Release|Any CPU.Build.0 = Release|Any CPU
	EndGlobalSection
	GlobalSection(SolutionProperties) = preSolution
		HideSolutionNode = FALSE
	EndGlobalSection
	GlobalSection(NestedProjects) = preSolution
		{BBD6809C-4982-4E15-A6FE-26BFFD5ED7E0} = {179A3A24-ED05-4826-BDB5-0E05A56243B2}
		{E2BA520A-7FA0-4A58-BCAF-743987E649D6} = {BBD6809C-4982-4E15-A6FE-26BFFD5ED7E0}
		{95575EB5-801B-4683-B83A-A531CA464AE7} = {BBD6809C-4982-4E15-A6FE-26BFFD5ED7E0}
		{FB421EFF-22DA-4082-AADB-82C9F67D95E0} = {179A3A24-ED05-4826-BDB5-0E05A56243B2}
		{4DEB23CD-4749-4F3D-A7B2-B2284DFC19D1} = {FB421EFF-22DA-4082-AADB-82C9F67D95E0}
		{D554A329-B126-4FB9-A137-937B6419B490} = {179A3A24-ED05-4826-BDB5-0E05A56243B2}
	EndGlobalSection
EndGlobal
